
Microsoft Visual Studio Solution File, Format Version 12.00
# Visual Studio 14
VisualStudioVersion = 14.0.25420.1
MinimumVisualStudioVersion = 10.0.40219.1
Project("{FAE04EC0-301F-11D3-BF4B-00C04F79EFBC}") = "DIP.PatternVersion", "DIP.PatternVersion\DIP.PatternVersion.csproj", "{97E774E6-7AA2-4B7A-8278-B851F275D013}"
EndProject
Project("{FAE04EC0-301F-11D3-BF4B-00C04F79EFBC}") = "TestEngine.DIP.PatternVersion", "TestEngine.DIP.PatternVersion\TestEngine.DIP.PatternVersion.csproj", "{65B5B4CB-2212-4CFD-8545-8CF5FE8F5F5B}"
EndProject
Global
	GlobalSection(SolutionConfigurationPlatforms) = preSolution
		Debug|Any CPU = Debug|Any CPU
		Release|Any CPU = Release|Any CPU
	EndGlobalSection
	GlobalSection(ProjectConfigurationPlatforms) = postSolution
		{97E774E6-7AA2-4B7A-8278-B851F275D013}.Debug|Any CPU.ActiveCfg = Debug|Any CPU
		{97E774E6-7AA2-4B7A-8278-B851F275D013}.Debug|Any CPU.Build.0 = Debug|Any CPU
		{97E774E6-7AA2-4B7A-8278-B851F275D013}.Release|Any CPU.ActiveCfg = Release|Any CPU
		{97E774E6-7AA2-4B7A-8278-B851F275D013}.Release|Any CPU.Build.0 = Release|Any CPU
		{65B5B4CB-2212-4CFD-8545-8CF5FE8F5F5B}.Debug|Any CPU.ActiveCfg = Debug|Any CPU
		{65B5B4CB-2212-4CFD-8545-8CF5FE8F5F5B}.Debug|Any CPU.Build.0 = Debug|Any CPU
		{65B5B4CB-2212-4CFD-8545-8CF5FE8F5F5B}.Release|Any CPU.ActiveCfg = Release|Any CPU
		{65B5B4CB-2212-4CFD-8545-8CF5FE8F5F5B}.Release|Any CPU.Build.0 = Release|Any CPU
	EndGlobalSection
	GlobalSection(SolutionProperties) = preSolution
		HideSolutionNode = FALSE
	EndGlobalSection
EndGlobal
